
Microsoft Visual Studio Solution File, Format Version 12.00
# Visual Studio Version 17
VisualStudioVersion = 17.11.35327.3
MinimumVisualStudioVersion = 10.0.40219.1
Project("{FAE04EC0-301F-11D3-BF4B-00C04F79EFBC}") = "Projeto2", "Projeto2\Projeto2.csproj", "{42D0B192-3C18-43CD-8640-0D015CD0161F}"
EndProject
Global
	GlobalSection(SolutionConfigurationPlatforms) = preSolution
		Debug|Any CPU = Debug|Any CPU
		Release|Any CPU = Release|Any CPU
	EndGlobalSection
	GlobalSection(ProjectConfigurationPlatforms) = postSolution
		{42D0B192-3C18-43CD-8640-0D015CD0161F}.Debug|Any CPU.ActiveCfg = Debug|Any CPU
		{42D0B192-3C18-43CD-8640-0D015CD0161F}.Debug|Any CPU.Build.0 = Debug|Any CPU
		{42D0B192-3C18-43CD-8640-0D015CD0161F}.Release|Any CPU.ActiveCfg = Release|Any CPU
		{42D0B192-3C18-43CD-8640-0D015CD0161F}.Release|Any CPU.Build.0 = Release|Any CPU
	EndGlobalSection
	GlobalSection(SolutionProperties) = preSolution
		HideSolutionNode = FALSE
	EndGlobalSection
	GlobalSection(ExtensibilityGlobals) = postSolution
		SolutionGuid = {2E2D3395-0FB3-4F5D-93AC-977F2F6604FF}
	EndGlobalSection
EndGlobal
